
Microsoft Visual Studio Solution File, Format Version 12.00
# Visual Studio Version 16
VisualStudioVersion = 16.0.29806.167
MinimumVisualStudioVersion = 10.0.40219.1
Project("{FAE04EC0-301F-11D3-BF4B-00C04F79EFBC}") = "Rothbard-Engine", "Rothbard-Engine\Rothbard-Engine.csproj", "{D73882F8-BF0F-4B73-A15A-6A9CB8A34E9F}"
EndProject
Project("{FAE04EC0-301F-11D3-BF4B-00C04F79EFBC}") = "Demo", "Demo\Demo.csproj", "{DCB197F5-D557-4009-BD25-C71F28FAFF5B}"
	ProjectSection(ProjectDependencies) = postProject
		{D73882F8-BF0F-4B73-A15A-6A9CB8A34E9F} = {D73882F8-BF0F-4B73-A15A-6A9CB8A34E9F}
	EndProjectSection
EndProject
Project("{FAE04EC0-301F-11D3-BF4B-00C04F79EFBC}") = "Engine-Tests", "Engine-Tests\Engine-Tests.csproj", "{51D26490-DF4D-40EB-AF58-CB852C9A37B8}"
	ProjectSection(ProjectDependencies) = postProject
		{D73882F8-BF0F-4B73-A15A-6A9CB8A34E9F} = {D73882F8-BF0F-4B73-A15A-6A9CB8A34E9F}
	EndProjectSection
EndProject
Global
	GlobalSection(SolutionConfigurationPlatforms) = preSolution
		Debug|Any CPU = Debug|Any CPU
		Debug|x86 = Debug|x86
		Release|Any CPU = Release|Any CPU
		Release|x86 = Release|x86
	EndGlobalSection
	GlobalSection(ProjectConfigurationPlatforms) = postSolution
		{D73882F8-BF0F-4B73-A15A-6A9CB8A34E9F}.Debug|Any CPU.ActiveCfg = Debug|x86
		{D73882F8-BF0F-4B73-A15A-6A9CB8A34E9F}.Debug|x86.ActiveCfg = Debug|x86
		{D73882F8-BF0F-4B73-A15A-6A9CB8A34E9F}.Debug|x86.Build.0 = Debug|x86
		{D73882F8-BF0F-4B73-A15A-6A9CB8A34E9F}.Release|Any CPU.ActiveCfg = Release|x86
		{D73882F8-BF0F-4B73-A15A-6A9CB8A34E9F}.Release|x86.ActiveCfg = Release|x86
		{D73882F8-BF0F-4B73-A15A-6A9CB8A34E9F}.Release|x86.Build.0 = Release|x86
		{DCB197F5-D557-4009-BD25-C71F28FAFF5B}.Debug|Any CPU.ActiveCfg = Debug|x86
		{DCB197F5-D557-4009-BD25-C71F28FAFF5B}.Debug|x86.ActiveCfg = Debug|x86
		{DCB197F5-D557-4009-BD25-C71F28FAFF5B}.Debug|x86.Build.0 = Debug|x86
		{DCB197F5-D557-4009-BD25-C71F28FAFF5B}.Release|Any CPU.ActiveCfg = Release|x86
		{DCB197F5-D557-4009-BD25-C71F28FAFF5B}.Release|x86.ActiveCfg = Release|x86
		{DCB197F5-D557-4009-BD25-C71F28FAFF5B}.Release|x86.Build.0 = Release|x86
		{51D26490-DF4D-40EB-AF58-CB852C9A37B8}.Debug|Any CPU.ActiveCfg = Debug|Any CPU
		{51D26490-DF4D-40EB-AF58-CB852C9A37B8}.Debug|Any CPU.Build.0 = Debug|Any CPU
		{51D26490-DF4D-40EB-AF58-CB852C9A37B8}.Debug|x86.ActiveCfg = Debug|Any CPU
		{51D26490-DF4D-40EB-AF58-CB852C9A37B8}.Debug|x86.Build.0 = Debug|Any CPU
		{51D26490-DF4D-40EB-AF58-CB852C9A37B8}.Release|Any CPU.ActiveCfg = Release|Any CPU
		{51D26490-DF4D-40EB-AF58-CB852C9A37B8}.Release|Any CPU.Build.0 = Release|Any CPU
		{51D26490-DF4D-40EB-AF58-CB852C9A37B8}.Release|x86.ActiveCfg = Release|Any CPU
		{51D26490-DF4D-40EB-AF58-CB852C9A37B8}.Release|x86.Build.0 = Release|Any CPU
	EndGlobalSection
	GlobalSection(SolutionProperties) = preSolution
		HideSolutionNode = FALSE
	EndGlobalSection
	GlobalSection(ExtensibilityGlobals) = postSolution
		SolutionGuid = {EE3D0770-F0F5-4C11-9884-AD1AF87F938A}
	EndGlobalSection
EndGlobal
